<?xml version="1.0" encoding="utf-8"?>
<Project ToolsVersion="4.0" xmlns="http://schemas.microsoft.com/developer/msbuild/2003">
  <ItemGroup>
    <Filter Include="源文件">
      <UniqueIdentifier>{4FC737F1-C7A5-4376-A066-2A32D752A2FF}</UniqueIdentifier>
      <Extensions>cpp;c;cc;cxx;def;odl;idl;hpj;bat;asm;asmx</Extensions>
    </Filter>
    <Filter Include="头文件">
      <UniqueIdentifier>{93995380-89BD-4b04-88EB-625FBE52EBFB}</UniqueIdentifier>
      <Extensions>h;hh;hpp;hxx;hm;inl;inc;ipp;xsd</Extensions>
    </Filter>
    <Filter Include="资源文件">
      <UniqueIdentifier>{67DA6AB6-F800-4c08-8B7A-83BB121AAD01}</UniqueIdentifier>
      <Extensions>rc;ico;cur;bmp;dlg;rc2;rct;bin;rgs;gif;jpg;jpeg;jpe;resx;tiff;tif;png;wav;mfcribbon-ms</Extensions>
    </Filter>
  </ItemGroup>
  <ItemGroup>
    <ClInclude Include="CBejeweled.h">
      <Filter>头文件</Filter>
    </ClInclude>
    <ClInclude Include="CBejeweledDlg.h">
      <Filter>头文件</Filter>
    </ClInclude>
    <ClInclude Include="framework.h">
      <Filter>头文件</Filter>
    </ClInclude>
    <ClInclude Include="targetver.h">
      <Filter>头文件</Filter>
    </ClInclude>
    <ClInclude Include="Resource.h">
      <Filter>头文件</Filter>
    </ClInclude>
    <ClInclude Include="pch.h">
      <Filter>头文件</Filter>
    </ClInclude>
    <ClInclude Include="CGameDlg.h">
      <Filter>头文件</Filter>
    </ClInclude>
    <ClInclude Include="CNameDlg.h">
      <Filter>头文件</Filter>
    </ClInclude>
    <ClInclude Include="CHelpDlg.h">
      <Filter>头文件</Filter>
    </ClInclude>
    <ClInclude Include="CFileDlg.h">
      <Filter>头文件</Filter>
    </ClInclude>
    <ClInclude Include="CMenuDlg.h">
      <Filter>头文件</Filter>
    </ClInclude>
    <ClInclude Include="CSetDlg.h">
      <Filter>头文件</Filter>
    </ClInclude>
    <ClInclude Include="CMusicDlg.h">
      <Filter>头文件</Filter>
    </ClInclude>
    <ClInclude Include="CTheme.h">
      <Filter>头文件</Filter>
    </ClInclude>
    <ClInclude Include="CGameLogic.h">
      <Filter>头文件</Filter>
    </ClInclude>
    <ClInclude Include="CABout.h">
      <Filter>头文件</Filter>
    </ClInclude>
    <ClInclude Include="ChioceDlg.h">
      <Filter>头文件</Filter>
    </ClInclude>
  </ItemGroup>
  <ItemGroup>
    <ClCompile Include="CBejeweled.cpp">
      <Filter>源文件</Filter>
    </ClCompile>
    <ClCompile Include="CBejeweledDlg.cpp">
      <Filter>源文件</Filter>
    </ClCompile>
    <ClCompile Include="pch.cpp">
      <Filter>源文件</Filter>
    </ClCompile>
    <ClCompile Include="CGameDlg.cpp">
      <Filter>源文件</Filter>
    </ClCompile>
    <ClCompile Include="CNameDlg.cpp">
      <Filter>源文件</Filter>
    </ClCompile>
    <ClCompile Include="CHelpDlg.cpp">
      <Filter>源文件</Filter>
    </ClCompile>
    <ClCompile Include="CFileDlg.cpp">
      <Filter>源文件</Filter>
    </ClCompile>
    <ClCompile Include="CMenuDlg.cpp">
      <Filter>源文件</Filter>
    </ClCompile>
    <ClCompile Include="CSetDlg.cpp">
      <Filter>源文件</Filter>
    </ClCompile>
    <ClCompile Include="CMusicDlg.cpp">
      <Filter>源文件</Filter>
    </ClCompile>
    <ClCompile Include="CTheme.cpp">
      <Filter>源文件</Filter>
    </ClCompile>
    <ClCompile Include="CGameLogic.cpp">
      <Filter>源文件</Filter>
    </ClCompile>
    <ClCompile Include="CABout.cpp">
      <Filter>源文件</Filter>
    </ClCompile>
    <ClCompile Include="ChioceDlg.cpp">
      <Filter>源文件</Filter>
    </ClCompile>
  </ItemGroup>
  <ItemGroup>
    <ResourceCompile Include="CBejeweled.rc">
      <Filter>资源文件</Filter>
    </ResourceCompile>
  </ItemGroup>
  <ItemGroup>
    <None Include="res\CBejeweled.rc2">
      <Filter>资源文件</Filter>
    </None>
  </ItemGroup>
  <ItemGroup>
    <Image Include="res\CBejeweled.ico">
      <Filter>资源文件</Filter>
    </Image>
    <Image Include="..\..\..\Desktop\游戏背景\背景1.bmp">
      <Filter>资源文件</Filter>
    </Image>
    <Image Include="..\..\..\Desktop\游戏背景\背景2.bmp">
      <Filter>资源文件</Filter>
    </Image>
    <Image Include="..\..\..\Desktop\游戏背景\背景3.bmp">
      <Filter>资源文件</Filter>
    </Image>
    <Image Include="..\..\..\Desktop\游戏背景\背景4.bmp">
      <Filter>资源文件</Filter>
    </Image>
    <Image Include="..\..\..\Desktop\游戏背景\背景5.bmp">
      <Filter>资源文件</Filter>
    </Image>
    <Image Include="Debug\背景1.bmp">
      <Filter>资源文件</Filter>
    </Image>
    <Image Include="Debug\背景2.bmp">
      <Filter>资源文件</Filter>
    </Image>
    <Image Include="Debug\背景3.bmp">
      <Filter>资源文件</Filter>
    </Image>
    <Image Include="Debug\暂停.bmp">
      <Filter>资源文件</Filter>
    </Image>
    <Image Include="Debug\baoshi.bmp">
      <Filter>资源文件</Filter>
    </Image>
    <Image Include="Debug\mask.bmp">
      <Filter>资源文件</Filter>
    </Image>
    <Image Include="debug\bitmap5.bmp">
      <Filter>资源文件</Filter>
    </Image>
  </ItemGroup>
  <ItemGroup>
    <Media Include="WAV\wave1.wav">
      <Filter>资源文件</Filter>
    </Media>
    <Media Include="WAV\wave2.wav">
      <Filter>资源文件</Filter>
    </Media>
  </ItemGroup>
</Project>